
Microsoft Visual Studio Solution File, Format Version 12.00
# Visual Studio Version 17
VisualStudioVersion = 17.1.32414.318
MinimumVisualStudioVersion = 10.0.40219.1
Project("{F2A71F9B-5D33-465A-A702-920D77279786}") = "LearningFsharp", "LearningFsharp\LearningFsharp.fsproj", "{16358CE0-777D-418F-B929-D677B8D5FBA3}"
EndProject
Global
	GlobalSection(SolutionConfigurationPlatforms) = preSolution
		Debug|Any CPU = Debug|Any CPU
		Release|Any CPU = Release|Any CPU
	EndGlobalSection
	GlobalSection(ProjectConfigurationPlatforms) = postSolution
		{16358CE0-777D-418F-B929-D677B8D5FBA3}.Debug|Any CPU.ActiveCfg = Debug|Any CPU
		{16358CE0-777D-418F-B929-D677B8D5FBA3}.Debug|Any CPU.Build.0 = Debug|Any CPU
		{16358CE0-777D-418F-B929-D677B8D5FBA3}.Release|Any CPU.ActiveCfg = Release|Any CPU
		{16358CE0-777D-418F-B929-D677B8D5FBA3}.Release|Any CPU.Build.0 = Release|Any CPU
	EndGlobalSection
	GlobalSection(SolutionProperties) = preSolution
		HideSolutionNode = FALSE
	EndGlobalSection
	GlobalSection(ExtensibilityGlobals) = postSolution
		SolutionGuid = {BC596C22-364B-4E8E-93B8-131E6A827C76}
	EndGlobalSection
EndGlobal
